// !$*UTF8*$!
{
	archiveVersion = 1;
	classes = {
	};
	objectVersion = 50;
	objects = {

/* Begin PBXBuildFile section */
		1C6CF72C2590B101004C4DD4 /* ExpandingView.swift in Sources */ = {isa = PBXBuildFile; fileRef = 1C6CF72B2590B101004C4DD4 /* ExpandingView.swift */; };
		1C70EA70259100DA00AE5AC0 /* ContView.swift in Sources */ = {isa = PBXBuildFile; fileRef = 1C70EA6F259100DA00AE5AC0 /* ContView.swift */; };
		1C70EA732591069400AE5AC0 /* ExpandView.swift in Sources */ = {isa = PBXBuildFile; fileRef = 1C70EA722591069400AE5AC0 /* ExpandView.swift */; };
		1C70EA7A2591087A00AE5AC0 /* ModelEx.swift in Sources */ = {isa = PBXBuildFile; fileRef = 1C70EA792591087A00AE5AC0 /* ModelEx.swift */; };
		1C70EA8425911DBC00AE5AC0 /* Extension.swift in Sources */ = {isa = PBXBuildFile; fileRef = 1C70EA8325911DBC00AE5AC0 /* Extension.swift */; };
		1C70EA8725911E5400AE5AC0 /* DetailViewModel.swift in Sources */ = {isa = PBXBuildFile; fileRef = 1C70EA8625911E5400AE5AC0 /* DetailViewModel.swift */; };
		1CE4E00D258FD1D50080EE34 /* Tutorials2App.swift in Sources */ = {isa = PBXBuildFile; fileRef = 1CE4E00C258FD1D50080EE34 /* Tutorials2App.swift */; };
		1CE4E00F258FD1D50080EE34 /* ContentView.swift in Sources */ = {isa = PBXBuildFile; fileRef = 1CE4E00E258FD1D50080EE34 /* ContentView.swift */; };
		1CE4E011258FD1D50080EE34 /* Assets.xcassets in Resources */ = {isa = PBXBuildFile; fileRef = 1CE4E010258FD1D50080EE34 /* Assets.xcassets */; };
		1CE4E014258FD1D50080EE34 /* Preview Assets.xcassets in Resources */ = {isa = PBXBuildFile; fileRef = 1CE4E013258FD1D50080EE34 /* Preview Assets.xcassets */; };
		1CE4E023258FD3BB0080EE34 /* app.json in Resources */ = {isa = PBXBuildFile; fileRef = 1CE4E022258FD3BB0080EE34 /* app.json */; };
		1CE4E02B258FD4930080EE34 /* TodayItem.swift in Sources */ = {isa = PBXBuildFile; fileRef = 1CE4E02A258FD4930080EE34 /* TodayItem.swift */; };
		1CE4E032258FD5070080EE34 /* Today.swift in Sources */ = {isa = PBXBuildFile; fileRef = 1CE4E031258FD5070080EE34 /* Today.swift */; };
		1CE4E035258FD5310080EE34 /* Detail.swift in Sources */ = {isa = PBXBuildFile; fileRef = 1CE4E034258FD5310080EE34 /* Detail.swift */; };
		1CE4E038258FD5440080EE34 /* TodayCardView.swift in Sources */ = {isa = PBXBuildFile; fileRef = 1CE4E037258FD5440080EE34 /* TodayCardView.swift */; };
		1CE4E03C258FD59E0080EE34 /* TabBarView.swift in Sources */ = {isa = PBXBuildFile; fileRef = 1CE4E03B258FD59E0080EE34 /* TabBarView.swift */; };
/* End PBXBuildFile section */

/* Begin PBXFileReference section */
		1C6CF72B2590B101004C4DD4 /* ExpandingView.swift */ = {isa = PBXFileReference; lastKnownFileType = sourcecode.swift; path = ExpandingView.swift; sourceTree = "<group>"; };
		1C70EA6F259100DA00AE5AC0 /* ContView.swift */ = {isa = PBXFileReference; lastKnownFileType = sourcecode.swift; path = ContView.swift; sourceTree = "<group>"; };
		1C70EA722591069400AE5AC0 /* ExpandView.swift */ = {isa = PBXFileReference; lastKnownFileType = sourcecode.swift; path = ExpandView.swift; sourceTree = "<group>"; };
		1C70EA792591087A00AE5AC0 /* ModelEx.swift */ = {isa = PBXFileReference; lastKnownFileType = sourcecode.swift; path = ModelEx.swift; sourceTree = "<group>"; };
		1C70EA8325911DBC00AE5AC0 /* Extension.swift */ = {isa = PBXFileReference; lastKnownFileType = sourcecode.swift; path = Extension.swift; sourceTree = "<group>"; };
		1C70EA8625911E5400AE5AC0 /* DetailViewModel.swift */ = {isa = PBXFileReference; lastKnownFileType = sourcecode.swift; path = DetailViewModel.swift; sourceTree = "<group>"; };
		1CE4E009258FD1D50080EE34 /* Tutorials2.app */ = {isa = PBXFileReference; explicitFileType = wrapper.application; includeInIndex = 0; path = Tutorials2.app; sourceTree = BUILT_PRODUCTS_DIR; };
		1CE4E00C258FD1D50080EE34 /* Tutorials2App.swift */ = {isa = PBXFileReference; lastKnownFileType = sourcecode.swift; path = Tutorials2App.swift; sourceTree = "<group>"; };
		1CE4E00E258FD1D50080EE34 /* ContentView.swift */ = {isa = PBXFileReference; lastKnownFileType = sourcecode.swift; path = ContentView.swift; sourceTree = "<group>"; };
		1CE4E010258FD1D50080EE34 /* Assets.xcassets */ = {isa = PBXFileReference; lastKnownFileType = folder.assetcatalog; path = Assets.xcassets; sourceTree = "<group>"; };
		1CE4E013258FD1D50080EE34 /* Preview Assets.xcassets */ = {isa = PBXFileReference; lastKnownFileType = folder.assetcatalog; path = "Preview Assets.xcassets"; sourceTree = "<group>"; };
		1CE4E015258FD1D50080EE34 /* Info.plist */ = {isa = PBXFileReference; lastKnownFileType = text.plist.xml; path = Info.plist; sourceTree = "<group>"; };
		1CE4E022258FD3BB0080EE34 /* app.json */ = {isa = PBXFileReference; fileEncoding = 4; lastKnownFileType = text.json; path = app.json; sourceTree = "<group>"; };
		1CE4E02A258FD4930080EE34 /* TodayItem.swift */ = {isa = PBXFileReference; lastKnownFileType = sourcecode.swift; path = TodayItem.swift; sourceTree = "<group>"; };
		1CE4E031258FD5070080EE34 /* Today.swift */ = {isa = PBXFileReference; lastKnownFileType = sourcecode.swift; path = Today.swift; sourceTree = "<group>"; };
		1CE4E034258FD5310080EE34 /* Detail.swift */ = {isa = PBXFileReference; lastKnownFileType = sourcecode.swift; path = Detail.swift; sourceTree = "<group>"; };
		1CE4E037258FD5440080EE34 /* TodayCardView.swift */ = {isa = PBXFileReference; lastKnownFileType = sourcecode.swift; path = TodayCardView.swift; sourceTree = "<group>"; };
		1CE4E03B258FD59E0080EE34 /* TabBarView.swift */ = {isa = PBXFileReference; lastKnownFileType = sourcecode.swift; path = TabBarView.swift; sourceTree = "<group>"; };
/* End PBXFileReference section */

/* Begin PBXFrameworksBuildPhase section */
		1CE4E006258FD1D50080EE34 /* Frameworks */ = {
			isa = PBXFrameworksBuildPhase;
			buildActionMask = 2147483647;
			files = (
			);
			runOnlyForDeploymentPostprocessing = 0;
		};
/* End PBXFrameworksBuildPhase section */

/* Begin PBXGroup section */
		1C6CF72A2590B0EA004C4DD4 /* Expanding */ = {
			isa = PBXGroup;
			children = (
				1C6CF72B2590B101004C4DD4 /* ExpandingView.swift */,
			);
			path = Expanding;
			sourceTree = "<group>";
		};
		1C70EA6E259100C000AE5AC0 /* DinamicData */ = {
			isa = PBXGroup;
			children = (
				1C70EA6F259100DA00AE5AC0 /* ContView.swift */,
				1C70EA722591069400AE5AC0 /* ExpandView.swift */,
				1C70EA792591087A00AE5AC0 /* ModelEx.swift */,
			);
			path = DinamicData;
			sourceTree = "<group>";
		};
		1C70EA8225911D9600AE5AC0 /* Helper */ = {
			isa = PBXGroup;
			children = (
				1C70EA8325911DBC00AE5AC0 /* Extension.swift */,
			);
			path = Helper;
			sourceTree = "<group>";
		};
		1CE4E000258FD1D40080EE34 = {
			isa = PBXGroup;
			children = (
				1CE4E00B258FD1D50080EE34 /* Tutorials2 */,
				1CE4E00A258FD1D50080EE34 /* Products */,
			);
			sourceTree = "<group>";
		};
		1CE4E00A258FD1D50080EE34 /* Products */ = {
			isa = PBXGroup;
			children = (
				1CE4E009258FD1D50080EE34 /* Tutorials2.app */,
			);
			name = Products;
			sourceTree = "<group>";
		};
		1CE4E00B258FD1D50080EE34 /* Tutorials2 */ = {
			isa = PBXGroup;
			children = (
				1C70EA8225911D9600AE5AC0 /* Helper */,
				1C70EA6E259100C000AE5AC0 /* DinamicData */,
				1C6CF72A2590B0EA004C4DD4 /* Expanding */,
				1CE4E030258FD4E00080EE34 /* View */,
				1CE4E029258FD4660080EE34 /* Model */,
				1CE4E01D258FD3800080EE34 /* Data */,
				1CE4E00C258FD1D50080EE34 /* Tutorials2App.swift */,
				1CE4E00E258FD1D50080EE34 /* ContentView.swift */,
				1CE4E010258FD1D50080EE34 /* Assets.xcassets */,
				1CE4E015258FD1D50080EE34 /* Info.plist */,
				1CE4E012258FD1D50080EE34 /* Preview Content */,
			);
			path = Tutorials2;
			sourceTree = "<group>";
		};
		1CE4E012258FD1D50080EE34 /* Preview Content */ = {
			isa = PBXGroup;
			children = (
				1CE4E013258FD1D50080EE34 /* Preview Assets.xcassets */,
			);
			path = "Preview Content";
			sourceTree = "<group>";
		};
		1CE4E01D258FD3800080EE34 /* Data */ = {
			isa = PBXGroup;
			children = (
				1CE4E022258FD3BB0080EE34 /* app.json */,
			);
			path = Data;
			sourceTree = "<group>";
		};
		1CE4E029258FD4660080EE34 /* Model */ = {
			isa = PBXGroup;
			children = (
				1CE4E02A258FD4930080EE34 /* TodayItem.swift */,
				1C70EA8625911E5400AE5AC0 /* DetailViewModel.swift */,
			);
			path = Model;
			sourceTree = "<group>";
		};
		1CE4E030258FD4E00080EE34 /* View */ = {
			isa = PBXGroup;
			children = (
				1CE4E031258FD5070080EE34 /* Today.swift */,
				1CE4E034258FD5310080EE34 /* Detail.swift */,
				1CE4E037258FD5440080EE34 /* TodayCardView.swift */,
				1CE4E03B258FD59E0080EE34 /* TabBarView.swift */,
			);
			path = View;
			sourceTree = "<group>";
		};
/* End PBXGroup section */

/* Begin PBXNativeTarget section */
		1CE4E008258FD1D50080EE34 /* Tutorials2 */ = {
			isa = PBXNativeTarget;
			buildConfigurationList = 1CE4E018258FD1D50080EE34 /* Build configuration list for PBXNativeTarget "Tutorials2" */;
			buildPhases = (
				1CE4E005258FD1D50080EE34 /* Sources */,
				1CE4E006258FD1D50080EE34 /* Frameworks */,
				1CE4E007258FD1D50080EE34 /* Resources */,
			);
			buildRules = (
			);
			dependencies = (
			);
			name = Tutorials2;
			productName = Tutorials2;
			productReference = 1CE4E009258FD1D50080EE34 /* Tutorials2.app */;
			productType = "com.apple.product-type.application";
		};
/* End PBXNativeTarget section */

/* Begin PBXProject section */
		1CE4E001258FD1D40080EE34 /* Project object */ = {
			isa = PBXProject;
			attributes = {
				LastSwiftUpdateCheck = 1230;
				LastUpgradeCheck = 1230;
				TargetAttributes = {
					1CE4E008258FD1D50080EE34 = {
						CreatedOnToolsVersion = 12.3;
					};
				};
			};
			buildConfigurationList = 1CE4E004258FD1D40080EE34 /* Build configuration list for PBXProject "Tutorials2" */;
			compatibilityVersion = "Xcode 9.3";
			developmentRegion = en;
			hasScannedForEncodings = 0;
			knownRegions = (
				en,
				Base,
			);
			mainGroup = 1CE4E000258FD1D40080EE34;
			productRefGroup = 1CE4E00A258FD1D50080EE34 /* Products */;
			projectDirPath = "";
			projectRoot = "";
			targets = (
				1CE4E008258FD1D50080EE34 /* Tutorials2 */,
			);
		};
/* End PBXProject section */

/* Begin PBXResourcesBuildPhase section */
		1CE4E007258FD1D50080EE34 /* Resources */ = {
			isa = PBXResourcesBuildPhase;
			buildActionMask = 2147483647;
			files = (
				1CE4E014258FD1D50080EE34 /* Preview Assets.xcassets in Resources */,
				1CE4E011258FD1D50080EE34 /* Assets.xcassets in Resources */,
				1CE4E023258FD3BB0080EE34 /* app.json in Resources */,
			);
			runOnlyForDeploymentPostprocessing = 0;
		};
/* End PBXResourcesBuildPhase section */

/* Begin PBXSourcesBuildPhase section */
		1CE4E005258FD1D50080EE34 /* Sources */ = {
			isa = PBXSourcesBuildPhase;
			buildActionMask = 2147483647;
			files = (
				1CE4E03C258FD59E0080EE34 /* TabBarView.swift in Sources */,
				1C70EA732591069400AE5AC0 /* ExpandView.swift in Sources */,
				1CE4E035258FD5310080EE34 /* Detail.swift in Sources */,
				1C6CF72C2590B101004C4DD4 /* ExpandingView.swift in Sources */,
				1C70EA7A2591087A00AE5AC0 /* ModelEx.swift in Sources */,
				1CE4E032258FD5070080EE34 /* Today.swift in Sources */,
				1CE4E00F258FD1D50080EE34 /* ContentView.swift in Sources */,
				1CE4E038258FD5440080EE34 /* TodayCardView.swift in Sources */,
				1CE4E02B258FD4930080EE34 /* TodayItem.swift in Sources */,
				1C70EA8725911E5400AE5AC0 /* DetailViewModel.swift in Sources */,
				1C70EA8425911DBC00AE5AC0 /* Extension.swift in Sources */,
				1C70EA70259100DA00AE5AC0 /* ContView.swift in Sources */,
				1CE4E00D258FD1D50080EE34 /* Tutorials2App.swift in Sources */,
			);
			runOnlyForDeploymentPostprocessing = 0;
		};
/* End PBXSourcesBuildPhase section */

/* Begin XCBuildConfiguration section */
		1CE4E016258FD1D50080EE34 /* Debug */ = {
			isa = XCBuildConfiguration;
			buildSettings = {
				ALWAYS_SEARCH_USER_PATHS = NO;
				CLANG_ANALYZER_NONNULL = YES;
				CLANG_ANALYZER_NUMBER_OBJECT_CONVERSION = YES_AGGRESSIVE;
				CLANG_CXX_LANGUAGE_STANDARD = "gnu++14";
				CLANG_CXX_LIBRARY = "libc++";
				CLANG_ENABLE_MODULES = YES;
				CLANG_ENABLE_OBJC_ARC = YES;
				CLANG_ENABLE_OBJC_WEAK = YES;
				CLANG_WARN_BLOCK_CAPTURE_AUTORELEASING = YES;
				CLANG_WARN_BOOL_CONVERSION = YES;
				CLANG_WARN_COMMA = YES;
				CLANG_WARN_CONSTANT_CONVERSION = YES;
				CLANG_WARN_DEPRECATED_OBJC_IMPLEMENTATIONS = YES;
				CLANG_WARN_DIRECT_OBJC_ISA_USAGE = YES_ERROR;
				CLANG_WARN_DOCUMENTATION_COMMENTS = YES;
				CLANG_WARN_EMPTY_BODY = YES;
				CLANG_WARN_ENUM_CONVERSION = YES;
				CLANG_WARN_INFINITE_RECURSION = YES;
				CLANG_WARN_INT_CONVERSION = YES;
				CLANG_WARN_NON_LITERAL_NULL_CONVERSION = YES;
				CLANG_WARN_OBJC_IMPLICIT_RETAIN_SELF = YES;
				CLANG_WARN_OBJC_LITERAL_CONVERSION = YES;
				CLANG_WARN_OBJC_ROOT_CLASS = YES_ERROR;
				CLANG_WARN_QUOTED_INCLUDE_IN_FRAMEWORK_HEADER = YES;
				CLANG_WARN_RANGE_LOOP_ANALYSIS = YES;
				CLANG_WARN_STRICT_PROTOTYPES = YES;
				CLANG_WARN_SUSPICIOUS_MOVE = YES;
				CLANG_WARN_UNGUARDED_AVAILABILITY = YES_AGGRESSIVE;
				CLANG_WARN_UNREACHABLE_CODE = YES;
				CLANG_WARN__DUPLICATE_METHOD_MATCH = YES;
				COPY_PHASE_STRIP = NO;
				DEBUG_INFORMATION_FORMAT = dwarf;
				ENABLE_STRICT_OBJC_MSGSEND = YES;
				ENABLE_TESTABILITY = YES;
				GCC_C_LANGUAGE_STANDARD = gnu11;
				GCC_DYNAMIC_NO_PIC = NO;
				GCC_NO_COMMON_BLOCKS = YES;
				GCC_OPTIMIZATION_LEVEL = 0;
				GCC_PREPROCESSOR_DEFINITIONS = (
					"DEBUG=1",
					"$(inherited)",
				);
				GCC_WARN_64_TO_32_BIT_CONVERSION = YES;
				GCC_WARN_ABOUT_RETURN_TYPE = YES_ERROR;
				GCC_WARN_UNDECLARED_SELECTOR = YES;
				GCC_WARN_UNINITIALIZED_AUTOS = YES_AGGRESSIVE;
				GCC_WARN_UNUSED_FUNCTION = YES;
				GCC_WARN_UNUSED_VARIABLE = YES;
				IPHONEOS_DEPLOYMENT_TARGET = 14.3;
				MTL_ENABLE_DEBUG_INFO = INCLUDE_SOURCE;
				MTL_FAST_MATH = YES;
				ONLY_ACTIVE_ARCH = YES;
				SDKROOT = iphoneos;
				SWIFT_ACTIVE_COMPILATION_CONDITIONS = DEBUG;
				SWIFT_OPTIMIZATION_LEVEL = "-Onone";
			};
			name = Debug;
		};
		1CE4E017258FD1D50080EE34 /* Release */ = {
			isa = XCBuildConfiguration;
			buildSettings = {
				ALWAYS_SEARCH_USER_PATHS = NO;
				CLANG_ANALYZER_NONNULL = YES;
				CLANG_ANALYZER_NUMBER_OBJECT_CONVERSION = YES_AGGRESSIVE;
				CLANG_CXX_LANGUAGE_STANDARD = "gnu++14";
				CLANG_CXX_LIBRARY = "libc++";
				CLANG_ENABLE_MODULES = YES;
				CLANG_ENABLE_OBJC_ARC = YES;
				CLANG_ENABLE_OBJC_WEAK = YES;
				CLANG_WARN_BLOCK_CAPTURE_AUTORELEASING = YES;
				CLANG_WARN_BOOL_CONVERSION = YES;
				CLANG_WARN_COMMA = YES;
				CLANG_WARN_CONSTANT_CONVERSION = YES;
				CLANG_WARN_DEPRECATED_OBJC_IMPLEMENTATIONS = YES;
				CLANG_WARN_DIRECT_OBJC_ISA_USAGE = YES_ERROR;
				CLANG_WARN_DOCUMENTATION_COMMENTS = YES;
				CLANG_WARN_EMPTY_BODY = YES;
				CLANG_WARN_ENUM_CONVERSION = YES;
				CLANG_WARN_INFINITE_RECURSION = YES;
				CLANG_WARN_INT_CONVERSION = YES;
				CLANG_WARN_NON_LITERAL_NULL_CONVERSION = YES;
				CLANG_WARN_OBJC_IMPLICIT_RETAIN_SELF = YES;
				CLANG_WARN_OBJC_LITERAL_CONVERSION = YES;
				CLANG_WARN_OBJC_ROOT_CLASS = YES_ERROR;
				CLANG_WARN_QUOTED_INCLUDE_IN_FRAMEWORK_HEADER = YES;
				CLANG_WARN_RANGE_LOOP_ANALYSIS = YES;
				CLANG_WARN_STRICT_PROTOTYPES = YES;
				CLANG_WARN_SUSPICIOUS_MOVE = YES;
				CLANG_WARN_UNGUARDED_AVAILABILITY = YES_AGGRESSIVE;
				CLANG_WARN_UNREACHABLE_CODE = YES;
				CLANG_WARN__DUPLICATE_METHOD_MATCH = YES;
				COPY_PHASE_STRIP = NO;
				DEBUG_INFORMATION_FORMAT = "dwarf-with-dsym";
				ENABLE_NS_ASSERTIONS = NO;
				ENABLE_STRICT_OBJC_MSGSEND = YES;
				GCC_C_LANGUAGE_STANDARD = gnu11;
				GCC_NO_COMMON_BLOCKS = YES;
				GCC_WARN_64_TO_32_BIT_CONVERSION = YES;
				GCC_WARN_ABOUT_RETURN_TYPE = YES_ERROR;
				GCC_WARN_UNDECLARED_SELECTOR = YES;
				GCC_WARN_UNINITIALIZED_AUTOS = YES_AGGRESSIVE;
				GCC_WARN_UNUSED_FUNCTION = YES;
				GCC_WARN_UNUSED_VARIABLE = YES;
				IPHONEOS_DEPLOYMENT_TARGET = 14.3;
				MTL_ENABLE_DEBUG_INFO = NO;
				MTL_FAST_MATH = YES;
				SDKROOT = iphoneos;
				SWIFT_COMPILATION_MODE = wholemodule;
				SWIFT_OPTIMIZATION_LEVEL = "-O";
				VALIDATE_PRODUCT = YES;
			};
			name = Release;
		};
		1CE4E019258FD1D50080EE34 /* Debug */ = {
			isa = XCBuildConfiguration;
			buildSettings = {
				ASSETCATALOG_COMPILER_APPICON_NAME = AppIcon;
				ASSETCATALOG_COMPILER_GLOBAL_ACCENT_COLOR_NAME = AccentColor;
				CODE_SIGN_STYLE = Automatic;
				DEVELOPMENT_ASSET_PATHS = "\"Tutorials2/Preview Content\"";
				DEVELOPMENT_TEAM = FJL9UV3P9V;
				ENABLE_PREVIEWS = YES;
				INFOPLIST_FILE = Tutorials2/Info.plist;
				IPHONEOS_DEPLOYMENT_TARGET = 14.0;
				LD_RUNPATH_SEARCH_PATHS = (
					"$(inherited)",
					"@executable_path/Frameworks",
				);
				PRODUCT_BUNDLE_IDENTIFIER = com.andrejkling.Tutorials2;
				PRODUCT_NAME = "$(TARGET_NAME)";
				SWIFT_VERSION = 5.0;
				TARGETED_DEVICE_FAMILY = "1,2";
			};
			name = Debug;
		};
		1CE4E01A258FD1D50080EE34 /* Release */ = {
			isa = XCBuildConfiguration;
			buildSettings = {
				ASSETCATALOG_COMPILER_APPICON_NAME = AppIcon;
				ASSETCATALOG_COMPILER_GLOBAL_ACCENT_COLOR_NAME = AccentColor;
				CODE_SIGN_STYLE = Automatic;
				DEVELOPMENT_ASSET_PATHS = "\"Tutorials2/Preview Content\"";
				DEVELOPMENT_TEAM = FJL9UV3P9V;
				ENABLE_PREVIEWS = YES;
				INFOPLIST_FILE = Tutorials2/Info.plist;
				IPHONEOS_DEPLOYMENT_TARGET = 14.0;
				LD_RUNPATH_SEARCH_PATHS = (
					"$(inherited)",
					"@executable_path/Frameworks",
				);
				PRODUCT_BUNDLE_IDENTIFIER = com.andrejkling.Tutorials2;
				PRODUCT_NAME = "$(TARGET_NAME)";
				SWIFT_VERSION = 5.0;
				TARGETED_DEVICE_FAMILY = "1,2";
			};
			name = Release;
		};
/* End XCBuildConfiguration section */

/* Begin XCConfigurationList section */
		1CE4E004258FD1D40080EE34 /* Build configuration list for PBXProject "Tutorials2" */ = {
			isa = XCConfigurationList;
			buildConfigurations = (
				1CE4E016258FD1D50080EE34 /* Debug */,
				1CE4E017258FD1D50080EE34 /* Release */,
			);
			defaultConfigurationIsVisible = 0;
			defaultConfigurationName = Release;
		};
		1CE4E018258FD1D50080EE34 /* Build configuration list for PBXNativeTarget "Tutorials2" */ = {
			isa = XCConfigurationList;
			buildConfigurations = (
				1CE4E019258FD1D50080EE34 /* Debug */,
				1CE4E01A258FD1D50080EE34 /* Release */,
			);
			defaultConfigurationIsVisible = 0;
			defaultConfigurationName = Release;
		};
/* End XCConfigurationList section */
	};
	rootObject = 1CE4E001258FD1D40080EE34 /* Project object */;
}
